PODS:
  - FlutterMacOS (1.0.0)
  - hardware_details (0.0.1):
    - FlutterMacOS

DEPENDENCIES:
  - FlutterMacOS (from `Flutter/ephemeral`)
  - hardware_details (from `Flutter/ephemeral/.symlinks/plugins/hardware_details/macos`)

EXTERNAL SOURCES:
  FlutterMacOS:
    :path: Flutter/ephemeral
  hardware_details:
    :path: Flutter/ephemeral/.symlinks/plugins/hardware_details/macos

SPEC CHECKSUMS:
  FlutterMacOS: 8f6f14fa908a6fb3fba0cd85dbd81ec4b251fb24
  hardware_details: 57eaf8717de49ab648736160c9fcec5cdfa61357

PODFILE CHECKSUM: 7eb978b976557c8c1cd717d8185ec483fd090a82

COCOAPODS: 1.16.2
